
Microsoft Visual Studio Solution File, Format Version 12.00
# Visual Studio Version 17
VisualStudioVersion = 17.9.34701.34
MinimumVisualStudioVersion = 10.0.40219.1
Project("{FAE04EC0-301F-11D3-BF4B-00C04F79EFBC}") = "Biblioteca_de_clases", "Biblioteca_de_clases\Biblioteca_de_clases.csproj", "{ECAB140D-D8D4-48CE-8966-646CBC8B0315}"
EndProject
Project("{FAE04EC0-301F-11D3-BF4B-00C04F79EFBC}") = "testeo_banco", "testeo_banco\testeo_banco.csproj", "{86E32589-EFB4-4B6D-8865-0FC81FA8F48B}"
EndProject
Global
	GlobalSection(SolutionConfigurationPlatforms) = preSolution
		Debug|Any CPU = Debug|Any CPU
		Release|Any CPU = Release|Any CPU
	EndGlobalSection
	GlobalSection(ProjectConfigurationPlatforms) = postSolution
		{ECAB140D-D8D4-48CE-8966-646CBC8B0315}.Debug|Any CPU.ActiveCfg = Debug|Any CPU
		{ECAB140D-D8D4-48CE-8966-646CBC8B0315}.Debug|Any CPU.Build.0 = Debug|Any CPU
		{ECAB140D-D8D4-48CE-8966-646CBC8B0315}.Release|Any CPU.ActiveCfg = Release|Any CPU
		{ECAB140D-D8D4-48CE-8966-646CBC8B0315}.Release|Any CPU.Build.0 = Release|Any CPU
		{86E32589-EFB4-4B6D-8865-0FC81FA8F48B}.Debug|Any CPU.ActiveCfg = Debug|Any CPU
		{86E32589-EFB4-4B6D-8865-0FC81FA8F48B}.Debug|Any CPU.Build.0 = Debug|Any CPU
		{86E32589-EFB4-4B6D-8865-0FC81FA8F48B}.Release|Any CPU.ActiveCfg = Release|Any CPU
		{86E32589-EFB4-4B6D-8865-0FC81FA8F48B}.Release|Any CPU.Build.0 = Release|Any CPU
	EndGlobalSection
	GlobalSection(SolutionProperties) = preSolution
		HideSolutionNode = FALSE
	EndGlobalSection
	GlobalSection(ExtensibilityGlobals) = postSolution
		SolutionGuid = {8692FE71-1A88-4A00-903D-77D17E012530}
	EndGlobalSection
EndGlobal
